
Microsoft Visual Studio Solution File, Format Version 12.00
Project("{FAE04EC0-301F-11D3-BF4B-00C04F79EFBC}") = "Core", "Core\Core.csproj", "{F6D356CA-EC4C-44D3-9640-AA5247F95335}"
EndProject
Project("{FAE04EC0-301F-11D3-BF4B-00C04F79EFBC}") = "CLI", "CLI\CLI.csproj", "{011041FF-12FF-49AC-B05A-817728C0B95A}"
EndProject
Global
	GlobalSection(SolutionConfigurationPlatforms) = preSolution
		Debug|Any CPU = Debug|Any CPU
		Release|Any CPU = Release|Any CPU
	EndGlobalSection
	GlobalSection(ProjectConfigurationPlatforms) = postSolution
		{F6D356CA-EC4C-44D3-9640-AA5247F95335}.Debug|Any CPU.ActiveCfg = Debug|Any CPU
		{F6D356CA-EC4C-44D3-9640-AA5247F95335}.Debug|Any CPU.Build.0 = Debug|Any CPU
		{F6D356CA-EC4C-44D3-9640-AA5247F95335}.Release|Any CPU.ActiveCfg = Release|Any CPU
		{F6D356CA-EC4C-44D3-9640-AA5247F95335}.Release|Any CPU.Build.0 = Release|Any CPU
		{011041FF-12FF-49AC-B05A-817728C0B95A}.Debug|Any CPU.ActiveCfg = Debug|Any CPU
		{011041FF-12FF-49AC-B05A-817728C0B95A}.Debug|Any CPU.Build.0 = Debug|Any CPU
		{011041FF-12FF-49AC-B05A-817728C0B95A}.Release|Any CPU.ActiveCfg = Release|Any CPU
		{011041FF-12FF-49AC-B05A-817728C0B95A}.Release|Any CPU.Build.0 = Release|Any CPU
	EndGlobalSection
EndGlobal
